// !$*UTF8*$!
{
	archiveVersion = 1;
	classes = {
	};
	objectVersion = 55;
	objects = {

/* Begin PBXBuildFile section */
		6073841D28BA652500D1E18B /* FavoritesTableViewCell.swift in Sources */ = {isa = PBXBuildFile; fileRef = 6073841C28BA652500D1E18B /* FavoritesTableViewCell.swift */; };
		6073841F28BA65A900D1E18B /* FavVCTableViewProtocols.swift in Sources */ = {isa = PBXBuildFile; fileRef = 6073841E28BA65A900D1E18B /* FavVCTableViewProtocols.swift */; };
		6073842528BA66AF00D1E18B /* TabBarController.storyboard in Resources */ = {isa = PBXBuildFile; fileRef = 6073842428BA66AF00D1E18B /* TabBarController.storyboard */; };
		60812A9628B90A24003CEAA1 /* AppDelegate.swift in Sources */ = {isa = PBXBuildFile; fileRef = 60812A9528B90A24003CEAA1 /* AppDelegate.swift */; };
		60812A9828B90A24003CEAA1 /* SceneDelegate.swift in Sources */ = {isa = PBXBuildFile; fileRef = 60812A9728B90A24003CEAA1 /* SceneDelegate.swift */; };
		60812A9A28B90A24003CEAA1 /* ViewController.swift in Sources */ = {isa = PBXBuildFile; fileRef = 60812A9928B90A24003CEAA1 /* ViewController.swift */; };
		60812A9D28B90A24003CEAA1 /* Main.storyboard in Resources */ = {isa = PBXBuildFile; fileRef = 60812A9B28B90A24003CEAA1 /* Main.storyboard */; };
		60812AA028B90A24003CEAA1 /* NatiaL_HW26.xcdatamodeld in Sources */ = {isa = PBXBuildFile; fileRef = 60812A9E28B90A24003CEAA1 /* NatiaL_HW26.xcdatamodeld */; };
		60812AA228B90A25003CEAA1 /* Assets.xcassets in Resources */ = {isa = PBXBuildFile; fileRef = 60812AA128B90A25003CEAA1 /* Assets.xcassets */; };
		60812AA528B90A25003CEAA1 /* LaunchScreen.storyboard in Resources */ = {isa = PBXBuildFile; fileRef = 60812AA328B90A25003CEAA1 /* LaunchScreen.storyboard */; };
		60812AB428B96637003CEAA1 /* TableViewCell.swift in Sources */ = {isa = PBXBuildFile; fileRef = 60812AB228B96637003CEAA1 /* TableViewCell.swift */; };
		60812AB528B96637003CEAA1 /* TableViewCell.xib in Resources */ = {isa = PBXBuildFile; fileRef = 60812AB328B96637003CEAA1 /* TableViewCell.xib */; };
		60812AB728B967E8003CEAA1 /* TableViewExtensions.swift in Sources */ = {isa = PBXBuildFile; fileRef = 60812AB628B967E8003CEAA1 /* TableViewExtensions.swift */; };
		60812ABF28BA0997003CEAA1 /* TableViewDataSourc_delegate.swift in Sources */ = {isa = PBXBuildFile; fileRef = 60812ABE28BA0997003CEAA1 /* TableViewDataSourc_delegate.swift */; };
		60812AC228BA09FC003CEAA1 /* CoreDataManager.swift in Sources */ = {isa = PBXBuildFile; fileRef = 60812AC128BA09FC003CEAA1 /* CoreDataManager.swift */; };
		60812AC428BA13AD003CEAA1 /* VCAddAlertForNote.swift in Sources */ = {isa = PBXBuildFile; fileRef = 60812AC328BA13AD003CEAA1 /* VCAddAlertForNote.swift */; };
		60812AC728BA5BF9003CEAA1 /* FavoriteListViewController.swift in Sources */ = {isa = PBXBuildFile; fileRef = 60812AC628BA5BF9003CEAA1 /* FavoriteListViewController.swift */; };
		60812AC928BA5C16003CEAA1 /* Favorite.storyboard in Resources */ = {isa = PBXBuildFile; fileRef = 60812AC828BA5C16003CEAA1 /* Favorite.storyboard */; };
/* End PBXBuildFile section */

/* Begin PBXFileReference section */
		6073841C28BA652500D1E18B /* FavoritesTableViewCell.swift */ = {isa = PBXFileReference; lastKnownFileType = sourcecode.swift; path = FavoritesTableViewCell.swift; sourceTree = "<group>"; };
		6073841E28BA65A900D1E18B /* FavVCTableViewProtocols.swift */ = {isa = PBXFileReference; lastKnownFileType = sourcecode.swift; path = FavVCTableViewProtocols.swift; sourceTree = "<group>"; };
		6073842428BA66AF00D1E18B /* TabBarController.storyboard */ = {isa = PBXFileReference; lastKnownFileType = file.storyboard; path = TabBarController.storyboard; sourceTree = "<group>"; };
		60812A9228B90A24003CEAA1 /* NatiaL_HW26.app */ = {isa = PBXFileReference; explicitFileType = wrapper.application; includeInIndex = 0; path = NatiaL_HW26.app; sourceTree = BUILT_PRODUCTS_DIR; };
		60812A9528B90A24003CEAA1 /* AppDelegate.swift */ = {isa = PBXFileReference; lastKnownFileType = sourcecode.swift; path = AppDelegate.swift; sourceTree = "<group>"; };
		60812A9728B90A24003CEAA1 /* SceneDelegate.swift */ = {isa = PBXFileReference; lastKnownFileType = sourcecode.swift; path = SceneDelegate.swift; sourceTree = "<group>"; };
		60812A9928B90A24003CEAA1 /* ViewController.swift */ = {isa = PBXFileReference; lastKnownFileType = sourcecode.swift; path = ViewController.swift; sourceTree = "<group>"; };
		60812A9C28B90A24003CEAA1 /* Base */ = {isa = PBXFileReference; lastKnownFileType = file.storyboard; name = Base; path = Base.lproj/Main.storyboard; sourceTree = "<group>"; };
		60812A9F28B90A24003CEAA1 /* NatiaL_HW26.xcdatamodel */ = {isa = PBXFileReference; lastKnownFileType = wrapper.xcdatamodel; path = NatiaL_HW26.xcdatamodel; sourceTree = "<group>"; };
		60812AA128B90A25003CEAA1 /* Assets.xcassets */ = {isa = PBXFileReference; lastKnownFileType = folder.assetcatalog; path = Assets.xcassets; sourceTree = "<group>"; };
		60812AA428B90A25003CEAA1 /* Base */ = {isa = PBXFileReference; lastKnownFileType = file.storyboard; name = Base; path = Base.lproj/LaunchScreen.storyboard; sourceTree = "<group>"; };
		60812AA628B90A25003CEAA1 /* Info.plist */ = {isa = PBXFileReference; lastKnownFileType = text.plist.xml; path = Info.plist; sourceTree = "<group>"; };
		60812AB228B96637003CEAA1 /* TableViewCell.swift */ = {isa = PBXFileReference; lastKnownFileType = sourcecode.swift; path = TableViewCell.swift; sourceTree = "<group>"; };
		60812AB328B96637003CEAA1 /* TableViewCell.xib */ = {isa = PBXFileReference; lastKnownFileType = file.xib; path = TableViewCell.xib; sourceTree = "<group>"; };
		60812AB628B967E8003CEAA1 /* TableViewExtensions.swift */ = {isa = PBXFileReference; lastKnownFileType = sourcecode.swift; path = TableViewExtensions.swift; sourceTree = "<group>"; };
		60812ABE28BA0997003CEAA1 /* TableViewDataSourc_delegate.swift */ = {isa = PBXFileReference; lastKnownFileType = sourcecode.swift; path = TableViewDataSourc_delegate.swift; sourceTree = "<group>"; };
		60812AC128BA09FC003CEAA1 /* CoreDataManager.swift */ = {isa = PBXFileReference; lastKnownFileType = sourcecode.swift; path = CoreDataManager.swift; sourceTree = "<group>"; };
		60812AC328BA13AD003CEAA1 /* VCAddAlertForNote.swift */ = {isa = PBXFileReference; lastKnownFileType = sourcecode.swift; path = VCAddAlertForNote.swift; sourceTree = "<group>"; };
		60812AC628BA5BF9003CEAA1 /* FavoriteListViewController.swift */ = {isa = PBXFileReference; lastKnownFileType = sourcecode.swift; path = FavoriteListViewController.swift; sourceTree = "<group>"; };
		60812AC828BA5C16003CEAA1 /* Favorite.storyboard */ = {isa = PBXFileReference; lastKnownFileType = file.storyboard; path = Favorite.storyboard; sourceTree = "<group>"; };
/* End PBXFileReference section */

/* Begin PBXFrameworksBuildPhase section */
		60812A8F28B90A24003CEAA1 /* Frameworks */ = {
			isa = PBXFrameworksBuildPhase;
			buildActionMask = 2147483647;
			files = (
			);
			runOnlyForDeploymentPostprocessing = 0;
		};
/* End PBXFrameworksBuildPhase section */

/* Begin PBXGroup section */
		6073842028BA661F00D1E18B /* Scenes */ = {
			isa = PBXGroup;
			children = (
				6073842428BA66AF00D1E18B /* TabBarController.storyboard */,
				6073842128BA663D00D1E18B /* FirstPage */,
				6073842228BA665900D1E18B /* SecondPage */,
			);
			name = Scenes;
			sourceTree = "<group>";
		};
		6073842128BA663D00D1E18B /* FirstPage */ = {
			isa = PBXGroup;
			children = (
				60812A9928B90A24003CEAA1 /* ViewController.swift */,
				60812ABD28BA0959003CEAA1 /* VCExtensions */,
				60812A9B28B90A24003CEAA1 /* Main.storyboard */,
				60812ABC28BA0915003CEAA1 /* TableView */,
			);
			name = FirstPage;
			sourceTree = "<group>";
		};
		6073842228BA665900D1E18B /* SecondPage */ = {
			isa = PBXGroup;
			children = (
				60812AC528BA5BD5003CEAA1 /* FavoriteList */,
			);
			name = SecondPage;
			sourceTree = "<group>";
		};
		6073842328BA668200D1E18B /* VcExtensions */ = {
			isa = PBXGroup;
			children = (
				6073841E28BA65A900D1E18B /* FavVCTableViewProtocols.swift */,
			);
			name = VcExtensions;
			sourceTree = "<group>";
		};
		60812A8928B90A24003CEAA1 = {
			isa = PBXGroup;
			children = (
				60812A9428B90A24003CEAA1 /* NatiaL_HW26 */,
				60812A9328B90A24003CEAA1 /* Products */,
			);
			sourceTree = "<group>";
		};
		60812A9328B90A24003CEAA1 /* Products */ = {
			isa = PBXGroup;
			children = (
				60812A9228B90A24003CEAA1 /* NatiaL_HW26.app */,
			);
			name = Products;
			sourceTree = "<group>";
		};
		60812A9428B90A24003CEAA1 /* NatiaL_HW26 */ = {
			isa = PBXGroup;
			children = (
				60812ABA28BA08DB003CEAA1 /* Sorurce Files */,
				60812AC028BA09DF003CEAA1 /* CoreData */,
				6073842028BA661F00D1E18B /* Scenes */,
				60812ABB28BA08F8003CEAA1 /* Resources */,
				60812AA628B90A25003CEAA1 /* Info.plist */,
			);
			path = NatiaL_HW26;
			sourceTree = "<group>";
		};
		60812ABA28BA08DB003CEAA1 /* Sorurce Files */ = {
			isa = PBXGroup;
			children = (
				60812A9528B90A24003CEAA1 /* AppDelegate.swift */,
				60812A9728B90A24003CEAA1 /* SceneDelegate.swift */,
			);
			name = "Sorurce Files";
			sourceTree = "<group>";
		};
		60812ABB28BA08F8003CEAA1 /* Resources */ = {
			isa = PBXGroup;
			children = (
				60812AA128B90A25003CEAA1 /* Assets.xcassets */,
				60812AA328B90A25003CEAA1 /* LaunchScreen.storyboard */,
				60812A9E28B90A24003CEAA1 /* NatiaL_HW26.xcdatamodeld */,
			);
			name = Resources;
			sourceTree = "<group>";
		};
		60812ABC28BA0915003CEAA1 /* TableView */ = {
			isa = PBXGroup;
			children = (
				60812AB628B967E8003CEAA1 /* TableViewExtensions.swift */,
				60812AB228B96637003CEAA1 /* TableViewCell.swift */,
				60812AB328B96637003CEAA1 /* TableViewCell.xib */,
			);
			name = TableView;
			sourceTree = "<group>";
		};
		60812ABD28BA0959003CEAA1 /* VCExtensions */ = {
			isa = PBXGroup;
			children = (
				60812ABE28BA0997003CEAA1 /* TableViewDataSourc_delegate.swift */,
				60812AC328BA13AD003CEAA1 /* VCAddAlertForNote.swift */,
			);
			name = VCExtensions;
			sourceTree = "<group>";
		};
		60812AC028BA09DF003CEAA1 /* CoreData */ = {
			isa = PBXGroup;
			children = (
				60812AC128BA09FC003CEAA1 /* CoreDataManager.swift */,
			);
			name = CoreData;
			sourceTree = "<group>";
		};
		60812AC528BA5BD5003CEAA1 /* FavoriteList */ = {
			isa = PBXGroup;
			children = (
				60812AC628BA5BF9003CEAA1 /* FavoriteListViewController.swift */,
				60812AC828BA5C16003CEAA1 /* Favorite.storyboard */,
				6073842328BA668200D1E18B /* VcExtensions */,
				6073841C28BA652500D1E18B /* FavoritesTableViewCell.swift */,
			);
			name = FavoriteList;
			sourceTree = "<group>";
		};
/* End PBXGroup section */

/* Begin PBXNativeTarget section */
		60812A9128B90A24003CEAA1 /* NatiaL_HW26 */ = {
			isa = PBXNativeTarget;
			buildConfigurationList = 60812AA928B90A25003CEAA1 /* Build configuration list for PBXNativeTarget "NatiaL_HW26" */;
			buildPhases = (
				60812A8E28B90A24003CEAA1 /* Sources */,
				60812A8F28B90A24003CEAA1 /* Frameworks */,
				60812A9028B90A24003CEAA1 /* Resources */,
			);
			buildRules = (
			);
			dependencies = (
			);
			name = NatiaL_HW26;
			productName = NatiaL_HW26;
			productReference = 60812A9228B90A24003CEAA1 /* NatiaL_HW26.app */;
			productType = "com.apple.product-type.application";
		};
/* End PBXNativeTarget section */

/* Begin PBXProject section */
		60812A8A28B90A24003CEAA1 /* Project object */ = {
			isa = PBXProject;
			attributes = {
				BuildIndependentTargetsInParallel = 1;
				LastSwiftUpdateCheck = 1320;
				LastUpgradeCheck = 1320;
				TargetAttributes = {
					60812A9128B90A24003CEAA1 = {
						CreatedOnToolsVersion = 13.2.1;
					};
				};
			};
			buildConfigurationList = 60812A8D28B90A24003CEAA1 /* Build configuration list for PBXProject "NatiaL_HW26" */;
			compatibilityVersion = "Xcode 13.0";
			developmentRegion = en;
			hasScannedForEncodings = 0;
			knownRegions = (
				en,
				Base,
			);
			mainGroup = 60812A8928B90A24003CEAA1;
			productRefGroup = 60812A9328B90A24003CEAA1 /* Products */;
			projectDirPath = "";
			projectRoot = "";
			targets = (
				60812A9128B90A24003CEAA1 /* NatiaL_HW26 */,
			);
		};
/* End PBXProject section */

/* Begin PBXResourcesBuildPhase section */
		60812A9028B90A24003CEAA1 /* Resources */ = {
			isa = PBXResourcesBuildPhase;
			buildActionMask = 2147483647;
			files = (
				6073842528BA66AF00D1E18B /* TabBarController.storyboard in Resources */,
				60812AA528B90A25003CEAA1 /* LaunchScreen.storyboard in Resources */,
				60812AB528B96637003CEAA1 /* TableViewCell.xib in Resources */,
				60812AA228B90A25003CEAA1 /* Assets.xcassets in Resources */,
				60812AC928BA5C16003CEAA1 /* Favorite.storyboard in Resources */,
				60812A9D28B90A24003CEAA1 /* Main.storyboard in Resources */,
			);
			runOnlyForDeploymentPostprocessing = 0;
		};
/* End PBXResourcesBuildPhase section */

/* Begin PBXSourcesBuildPhase section */
		60812A8E28B90A24003CEAA1 /* Sources */ = {
			isa = PBXSourcesBuildPhase;
			buildActionMask = 2147483647;
			files = (
				6073841D28BA652500D1E18B /* FavoritesTableViewCell.swift in Sources */,
				60812A9A28B90A24003CEAA1 /* ViewController.swift in Sources */,
				6073841F28BA65A900D1E18B /* FavVCTableViewProtocols.swift in Sources */,
				60812A9628B90A24003CEAA1 /* AppDelegate.swift in Sources */,
				60812A9828B90A24003CEAA1 /* SceneDelegate.swift in Sources */,
				60812AB428B96637003CEAA1 /* TableViewCell.swift in Sources */,
				60812AC428BA13AD003CEAA1 /* VCAddAlertForNote.swift in Sources */,
				60812ABF28BA0997003CEAA1 /* TableViewDataSourc_delegate.swift in Sources */,
				60812AC228BA09FC003CEAA1 /* CoreDataManager.swift in Sources */,
				60812AA028B90A24003CEAA1 /* NatiaL_HW26.xcdatamodeld in Sources */,
				60812AC728BA5BF9003CEAA1 /* FavoriteListViewController.swift in Sources */,
				60812AB728B967E8003CEAA1 /* TableViewExtensions.swift in Sources */,
			);
			runOnlyForDeploymentPostprocessing = 0;
		};
/* End PBXSourcesBuildPhase section */

/* Begin PBXVariantGroup section */
		60812A9B28B90A24003CEAA1 /* Main.storyboard */ = {
			isa = PBXVariantGroup;
			children = (
				60812A9C28B90A24003CEAA1 /* Base */,
			);
			name = Main.storyboard;
			sourceTree = "<group>";
		};
		60812AA328B90A25003CEAA1 /* LaunchScreen.storyboard */ = {
			isa = PBXVariantGroup;
			children = (
				60812AA428B90A25003CEAA1 /* Base */,
			);
			name = LaunchScreen.storyboard;
			sourceTree = "<group>";
		};
/* End PBXVariantGroup section */

/* Begin XCBuildConfiguration section */
		60812AA728B90A25003CEAA1 /* Debug */ = {
			isa = XCBuildConfiguration;
			buildSettings = {
				ALWAYS_SEARCH_USER_PATHS = NO;
				CLANG_ANALYZER_NONNULL = YES;
				CLANG_ANALYZER_NUMBER_OBJECT_CONVERSION = YES_AGGRESSIVE;
				CLANG_CXX_LANGUAGE_STANDARD = "gnu++17";
				CLANG_CXX_LIBRARY = "libc++";
				CLANG_ENABLE_MODULES = YES;
				CLANG_ENABLE_OBJC_ARC = YES;
				CLANG_ENABLE_OBJC_WEAK = YES;
				CLANG_WARN_BLOCK_CAPTURE_AUTORELEASING = YES;
				CLANG_WARN_BOOL_CONVERSION = YES;
				CLANG_WARN_COMMA = YES;
				CLANG_WARN_CONSTANT_CONVERSION = YES;
				CLANG_WARN_DEPRECATED_OBJC_IMPLEMENTATIONS = YES;
				CLANG_WARN_DIRECT_OBJC_ISA_USAGE = YES_ERROR;
				CLANG_WARN_DOCUMENTATION_COMMENTS = YES;
				CLANG_WARN_EMPTY_BODY = YES;
				CLANG_WARN_ENUM_CONVERSION = YES;
				CLANG_WARN_INFINITE_RECURSION = YES;
				CLANG_WARN_INT_CONVERSION = YES;
				CLANG_WARN_NON_LITERAL_NULL_CONVERSION = YES;
				CLANG_WARN_OBJC_IMPLICIT_RETAIN_SELF = YES;
				CLANG_WARN_OBJC_LITERAL_CONVERSION = YES;
				CLANG_WARN_OBJC_ROOT_CLASS = YES_ERROR;
				CLANG_WARN_QUOTED_INCLUDE_IN_FRAMEWORK_HEADER = YES;
				CLANG_WARN_RANGE_LOOP_ANALYSIS = YES;
				CLANG_WARN_STRICT_PROTOTYPES = YES;
				CLANG_WARN_SUSPICIOUS_MOVE = YES;
				CLANG_WARN_UNGUARDED_AVAILABILITY = YES_AGGRESSIVE;
				CLANG_WARN_UNREACHABLE_CODE = YES;
				CLANG_WARN__DUPLICATE_METHOD_MATCH = YES;
				COPY_PHASE_STRIP = NO;
				DEBUG_INFORMATION_FORMAT = dwarf;
				ENABLE_STRICT_OBJC_MSGSEND = YES;
				ENABLE_TESTABILITY = YES;
				GCC_C_LANGUAGE_STANDARD = gnu11;
				GCC_DYNAMIC_NO_PIC = NO;
				GCC_NO_COMMON_BLOCKS = YES;
				GCC_OPTIMIZATION_LEVEL = 0;
				GCC_PREPROCESSOR_DEFINITIONS = (
					"DEBUG=1",
					"$(inherited)",
				);
				GCC_WARN_64_TO_32_BIT_CONVERSION = YES;
				GCC_WARN_ABOUT_RETURN_TYPE = YES_ERROR;
				GCC_WARN_UNDECLARED_SELECTOR = YES;
				GCC_WARN_UNINITIALIZED_AUTOS = YES_AGGRESSIVE;
				GCC_WARN_UNUSED_FUNCTION = YES;
				GCC_WARN_UNUSED_VARIABLE = YES;
				IPHONEOS_DEPLOYMENT_TARGET = 15.2;
				MTL_ENABLE_DEBUG_INFO = INCLUDE_SOURCE;
				MTL_FAST_MATH = YES;
				ONLY_ACTIVE_ARCH = YES;
				SDKROOT = iphoneos;
				SWIFT_ACTIVE_COMPILATION_CONDITIONS = DEBUG;
				SWIFT_OPTIMIZATION_LEVEL = "-Onone";
			};
			name = Debug;
		};
		60812AA828B90A25003CEAA1 /* Release */ = {
			isa = XCBuildConfiguration;
			buildSettings = {
				ALWAYS_SEARCH_USER_PATHS = NO;
				CLANG_ANALYZER_NONNULL = YES;
				CLANG_ANALYZER_NUMBER_OBJECT_CONVERSION = YES_AGGRESSIVE;
				CLANG_CXX_LANGUAGE_STANDARD = "gnu++17";
				CLANG_CXX_LIBRARY = "libc++";
				CLANG_ENABLE_MODULES = YES;
				CLANG_ENABLE_OBJC_ARC = YES;
				CLANG_ENABLE_OBJC_WEAK = YES;
				CLANG_WARN_BLOCK_CAPTURE_AUTORELEASING = YES;
				CLANG_WARN_BOOL_CONVERSION = YES;
				CLANG_WARN_COMMA = YES;
				CLANG_WARN_CONSTANT_CONVERSION = YES;
				CLANG_WARN_DEPRECATED_OBJC_IMPLEMENTATIONS = YES;
				CLANG_WARN_DIRECT_OBJC_ISA_USAGE = YES_ERROR;
				CLANG_WARN_DOCUMENTATION_COMMENTS = YES;
				CLANG_WARN_EMPTY_BODY = YES;
				CLANG_WARN_ENUM_CONVERSION = YES;
				CLANG_WARN_INFINITE_RECURSION = YES;
				CLANG_WARN_INT_CONVERSION = YES;
				CLANG_WARN_NON_LITERAL_NULL_CONVERSION = YES;
				CLANG_WARN_OBJC_IMPLICIT_RETAIN_SELF = YES;
				CLANG_WARN_OBJC_LITERAL_CONVERSION = YES;
				CLANG_WARN_OBJC_ROOT_CLASS = YES_ERROR;
				CLANG_WARN_QUOTED_INCLUDE_IN_FRAMEWORK_HEADER = YES;
				CLANG_WARN_RANGE_LOOP_ANALYSIS = YES;
				CLANG_WARN_STRICT_PROTOTYPES = YES;
				CLANG_WARN_SUSPICIOUS_MOVE = YES;
				CLANG_WARN_UNGUARDED_AVAILABILITY = YES_AGGRESSIVE;
				CLANG_WARN_UNREACHABLE_CODE = YES;
				CLANG_WARN__DUPLICATE_METHOD_MATCH = YES;
				COPY_PHASE_STRIP = NO;
				DEBUG_INFORMATION_FORMAT = "dwarf-with-dsym";
				ENABLE_NS_ASSERTIONS = NO;
				ENABLE_STRICT_OBJC_MSGSEND = YES;
				GCC_C_LANGUAGE_STANDARD = gnu11;
				GCC_NO_COMMON_BLOCKS = YES;
				GCC_WARN_64_TO_32_BIT_CONVERSION = YES;
				GCC_WARN_ABOUT_RETURN_TYPE = YES_ERROR;
				GCC_WARN_UNDECLARED_SELECTOR = YES;
				GCC_WARN_UNINITIALIZED_AUTOS = YES_AGGRESSIVE;
				GCC_WARN_UNUSED_FUNCTION = YES;
				GCC_WARN_UNUSED_VARIABLE = YES;
				IPHONEOS_DEPLOYMENT_TARGET = 15.2;
				MTL_ENABLE_DEBUG_INFO = NO;
				MTL_FAST_MATH = YES;
				SDKROOT = iphoneos;
				SWIFT_COMPILATION_MODE = wholemodule;
				SWIFT_OPTIMIZATION_LEVEL = "-O";
				VALIDATE_PRODUCT = YES;
			};
			name = Release;
		};
		60812AAA28B90A25003CEAA1 /* Debug */ = {
			isa = XCBuildConfiguration;
			buildSettings = {
				ASSETCATALOG_COMPILER_APPICON_NAME = AppIcon;
				ASSETCATALOG_COMPILER_GLOBAL_ACCENT_COLOR_NAME = AccentColor;
				CODE_SIGN_STYLE = Automatic;
				CURRENT_PROJECT_VERSION = 1;
				GENERATE_INFOPLIST_FILE = YES;
				INFOPLIST_FILE = NatiaL_HW26/Info.plist;
				INFOPLIST_KEY_UIApplicationSupportsIndirectInputEvents = YES;
				INFOPLIST_KEY_UILaunchStoryboardName = LaunchScreen;
				INFOPLIST_KEY_UIMainStoryboardFile = Main;
				INFOPLIST_KEY_UISupportedInterfaceOrientations_iPad = "UIInterfaceOrientationPortrait UIInterfaceOrientationPortraitUpsideDown UIInterfaceOrientationLandscapeLeft UIInterfaceOrientationLandscapeRight";
				INFOPLIST_KEY_UISupportedInterfaceOrientations_iPhone = "UIInterfaceOrientationPortrait UIInterfaceOrientationLandscapeLeft UIInterfaceOrientationLandscapeRight";
				LD_RUNPATH_SEARCH_PATHS = (
					"$(inherited)",
					"@executable_path/Frameworks",
				);
				MARKETING_VERSION = 1.0;
				PRODUCT_BUNDLE_IDENTIFIER = "NatiaLobzhanidze.NatiaL-HW26";
				PRODUCT_NAME = "$(TARGET_NAME)";
				SWIFT_EMIT_LOC_STRINGS = YES;
				SWIFT_VERSION = 5.0;
				TARGETED_DEVICE_FAMILY = "1,2";
			};
			name = Debug;
		};
		60812AAB28B90A25003CEAA1 /* Release */ = {
			isa = XCBuildConfiguration;
			buildSettings = {
				ASSETCATALOG_COMPILER_APPICON_NAME = AppIcon;
				ASSETCATALOG_COMPILER_GLOBAL_ACCENT_COLOR_NAME = AccentColor;
				CODE_SIGN_STYLE = Automatic;
				CURRENT_PROJECT_VERSION = 1;
				GENERATE_INFOPLIST_FILE = YES;
				INFOPLIST_FILE = NatiaL_HW26/Info.plist;
				INFOPLIST_KEY_UIApplicationSupportsIndirectInputEvents = YES;
				INFOPLIST_KEY_UILaunchStoryboardName = LaunchScreen;
				INFOPLIST_KEY_UIMainStoryboardFile = Main;
				INFOPLIST_KEY_UISupportedInterfaceOrientations_iPad = "UIInterfaceOrientationPortrait UIInterfaceOrientationPortraitUpsideDown UIInterfaceOrientationLandscapeLeft UIInterfaceOrientationLandscapeRight";
				INFOPLIST_KEY_UISupportedInterfaceOrientations_iPhone = "UIInterfaceOrientationPortrait UIInterfaceOrientationLandscapeLeft UIInterfaceOrientationLandscapeRight";
				LD_RUNPATH_SEARCH_PATHS = (
					"$(inherited)",
					"@executable_path/Frameworks",
				);
				MARKETING_VERSION = 1.0;
				PRODUCT_BUNDLE_IDENTIFIER = "NatiaLobzhanidze.NatiaL-HW26";
				PRODUCT_NAME = "$(TARGET_NAME)";
				SWIFT_EMIT_LOC_STRINGS = YES;
				SWIFT_VERSION = 5.0;
				TARGETED_DEVICE_FAMILY = "1,2";
			};
			name = Release;
		};
/* End XCBuildConfiguration section */

/* Begin XCConfigurationList section */
		60812A8D28B90A24003CEAA1 /* Build configuration list for PBXProject "NatiaL_HW26" */ = {
			isa = XCConfigurationList;
			buildConfigurations = (
				60812AA728B90A25003CEAA1 /* Debug */,
				60812AA828B90A25003CEAA1 /* Release */,
			);
			defaultConfigurationIsVisible = 0;
			defaultConfigurationName = Release;
		};
		60812AA928B90A25003CEAA1 /* Build configuration list for PBXNativeTarget "NatiaL_HW26" */ = {
			isa = XCConfigurationList;
			buildConfigurations = (
				60812AAA28B90A25003CEAA1 /* Debug */,
				60812AAB28B90A25003CEAA1 /* Release */,
			);
			defaultConfigurationIsVisible = 0;
			defaultConfigurationName = Release;
		};
/* End XCConfigurationList section */

/* Begin XCVersionGroup section */
		60812A9E28B90A24003CEAA1 /* NatiaL_HW26.xcdatamodeld */ = {
			isa = XCVersionGroup;
			children = (
				60812A9F28B90A24003CEAA1 /* NatiaL_HW26.xcdatamodel */,
			);
			currentVersion = 60812A9F28B90A24003CEAA1 /* NatiaL_HW26.xcdatamodel */;
			path = NatiaL_HW26.xcdatamodeld;
			sourceTree = "<group>";
			versionGroupType = wrapper.xcdatamodel;
		};
/* End XCVersionGroup section */
	};
	rootObject = 60812A8A28B90A24003CEAA1 /* Project object */;
}
